# THIS IS AN AUTOGENERATED FILE. DO NOT EDIT THIS FILE DIRECTLY.
# yarn lockfile v1


"@esbuild/linux-x64@0.25.12":
  version "0.25.12"
  resolved "https://registry.npmjs.org/@esbuild/linux-x64/-/linux-x64-0.25.12.tgz"
  integrity sha512-uqZMTLr/zR/ed4jIGnwSLkaHmPjOjJvnm6TVVitAa08SLS9Z0VM8wIRx7gWbJB5/J54YuIMInDquWyYvQLZkgw==

"@isaacs/cliui@^9.0.0":
  version "9.0.0"
  resolved "https://registry.npmjs.org/@isaacs/cliui/-/cliui-9.0.0.tgz"
  integrity sha512-AokJm4tuBHillT+FpMtxQ60n8ObyXBatq7jD2/JA9dxbDDokKQm8KMht5ibGzLVU9IJDIKK4TPKgMHEYMn3lMg==

"@jridgewell/gen-mapping@^0.3.5":
  version "0.3.13"
  resolved "https://registry.npmjs.org/@jridgewell/gen-mapping/-/gen-mapping-0.3.13.tgz"
  integrity sha512-2kkt/7niJ6MgEPxF0bYdQ6etZaA+fQvDcLKckhy1yIQOzaoKjBBjSj63/aLVjYE3qhRt5dvM+uUyfCg6UKCBbA==
  dependencies:
    "@jridgewell/sourcemap-codec" "^1.5.0"
    "@jridgewell/trace-mapping" "^0.3.24"

"@jridgewell/remapping@^2.3.5":
  version "2.3.5"
  resolved "https://registry.npmjs.org/@jridgewell/remapping/-/remapping-2.3.5.tgz"
  integrity sha512-LI9u/+laYG4Ds1TDKSJW2YPrIlcVYOwi2fUC6xB43lueCjgxV4lffOCZCtYFiH6TNOX+tQKXx97T4IKHbhyHEQ==
  dependencies:
    "@jridgewell/gen-mapping" "^0.3.5"
    "@jridgewell/trace-mapping" "^0.3.24"

"@jridgewell/resolve-uri@^3.1.0":
  version "3.1.2"
  resolved "https://registry.npmjs.org/@jridgewell/resolve-uri/-/resolve-uri-3.1.2.tgz"
  integrity sha512-bRISgCIjP20/tbWSPWMEi54QVPRZExkuD9lJL+UIxUKtwVJA8wW1Trb1jMs1RFXo1CBTNZ/5hpC9QvmKWdopKw==

"@jridgewell/sourcemap-codec@^1.4.14", "@jridgewell/sourcemap-codec@^1.5.0", "@jridgewell/sourcemap-codec@^1.5.5":
  version "1.5.5"
  resolved "https://registry.npmjs.org/@jridgewell/sourcemap-codec/-/sourcemap-codec-1.5.5.tgz"
  integrity sha512-cYQ9310grqxueWbl+WuIUIaiUaDcj7WOq5fVhEljNVgRfOUhY9fy2zTvfoqWsnebh8Sl70VScFbICvJnLKB0Og==

"@jridgewell/trace-mapping@^0.3.24":
  version "0.3.31"
  resolved "https://registry.npmjs.org/@jridgewell/trace-mapping/-/trace-mapping-0.3.31.tgz"
  integrity sha512-zzNR+SdQSDJzc8joaeP8QQoCQr8NuYx2dIIytl1QeBEZHJ9uW6hebsrYgbz8hJwUQao3TWCMtmfV8Nu1twOLAw==
  dependencies:
    "@jridgewell/resolve-uri" "^3.1.0"
    "@jridgewell/sourcemap-codec" "^1.4.14"

"@rollup/rollup-linux-x64-gnu@4.60.1":
  version "4.60.1"
  resolved "https://registry.npmjs.org/@rollup/rollup-linux-x64-gnu/-/rollup-linux-x64-gnu-4.60.1.tgz"
  integrity sha512-77PpsFQUCOiZR9+LQEFg9GClyfkNXj1MP6wRnzYs0EeWbPcHs02AXu4xuUbM1zhwn3wqaizle3AEYg5aeoohhg==

"@tailwindcss/forms@^0.5.9":
  version "0.5.11"
  resolved "https://registry.npmjs.org/@tailwindcss/forms/-/forms-0.5.11.tgz"
  integrity sha512-h9wegbZDPurxG22xZSoWtdzc41/OlNEUQERNqI/0fOwa2aVlWGu7C35E/x6LDyD3lgtztFSSjKZyuVM0hxhbgA==
  dependencies:
    mini-svg-data-uri "^1.2.3"

"@tailwindcss/node@4.2.2":
  version "4.2.2"
  resolved "https://registry.npmjs.org/@tailwindcss/node/-/node-4.2.2.tgz"
  integrity sha512-pXS+wJ2gZpVXqFaUEjojq7jzMpTGf8rU6ipJz5ovJV6PUGmlJ+jvIwGrzdHdQ80Sg+wmQxUFuoW1UAAwHNEdFA==
  dependencies:
    "@jridgewell/remapping" "^2.3.5"
    enhanced-resolve "^5.19.0"
    jiti "^2.6.1"
    lightningcss "1.32.0"
    magic-string "^0.30.21"
    source-map-js "^1.2.1"
    tailwindcss "4.2.2"

"@tailwindcss/oxide-linux-x64-gnu@4.2.2":
  version "4.2.2"
  resolved "https://registry.npmjs.org/@tailwindcss/oxide-linux-x64-gnu/-/oxide-linux-x64-gnu-4.2.2.tgz"
  integrity sha512-rTAGAkDgqbXHNp/xW0iugLVmX62wOp2PoE39BTCGKjv3Iocf6AFbRP/wZT/kuCxC9QBh9Pu8XPkv/zCZB2mcMg==

"@tailwindcss/oxide@4.2.2":
  version "4.2.2"
  resolved "https://registry.npmjs.org/@tailwindcss/oxide/-/oxide-4.2.2.tgz"
  integrity sha512-qEUA07+E5kehxYp9BVMpq9E8vnJuBHfJEC0vPC5e7iL/hw7HR61aDKoVoKzrG+QKp56vhNZe4qwkRmMC0zDLvg==
  optionalDependencies:
    "@tailwindcss/oxide-android-arm64" "4.2.2"
    "@tailwindcss/oxide-darwin-arm64" "4.2.2"
    "@tailwindcss/oxide-darwin-x64" "4.2.2"
    "@tailwindcss/oxide-freebsd-x64" "4.2.2"
    "@tailwindcss/oxide-linux-arm-gnueabihf" "4.2.2"
    "@tailwindcss/oxide-linux-arm64-gnu" "4.2.2"
    "@tailwindcss/oxide-linux-arm64-musl" "4.2.2"
    "@tailwindcss/oxide-linux-x64-gnu" "4.2.2"
    "@tailwindcss/oxide-linux-x64-musl" "4.2.2"
    "@tailwindcss/oxide-wasm32-wasi" "4.2.2"
    "@tailwindcss/oxide-win32-arm64-msvc" "4.2.2"
    "@tailwindcss/oxide-win32-x64-msvc" "4.2.2"

"@tailwindcss/typography@^0.5.15":
  version "0.5.19"
  resolved "https://registry.npmjs.org/@tailwindcss/typography/-/typography-0.5.19.tgz"
  integrity sha512-w31dd8HOx3k9vPtcQh5QHP9GwKcgbMp87j58qi6xgiBnFFtKEAgCWnDw4qUT8aHwkCp8bKvb/KGKWWHedP0AAg==
  dependencies:
    postcss-selector-parser "6.0.10"

"@tailwindcss/vite@^4.1.4":
  version "4.2.2"
  resolved "https://registry.npmjs.org/@tailwindcss/vite/-/vite-4.2.2.tgz"
  integrity sha512-mEiF5HO1QqCLXoNEfXVA1Tzo+cYsrqV7w9Juj2wdUFyW07JRenqMG225MvPwr3ZD9N1bFQj46X7r33iHxLUW0w==
  dependencies:
    "@tailwindcss/node" "4.2.2"
    "@tailwindcss/oxide" "4.2.2"
    tailwindcss "4.2.2"

"@types/estree@1.0.8":
  version "1.0.8"
  resolved "https://registry.npmjs.org/@types/estree/-/estree-1.0.8.tgz"
  integrity sha512-dWHzHa2WqEXI/O1E9OjrocMTKJl2mSrEolh1Iomrv6U+JuNwaHXsXx9bLu5gG7BUWFIN0skIQJQ/L1rIex4X6w==

"@xterm/addon-fit@^0.10.0":
  version "0.10.0"
  resolved "https://registry.npmjs.org/@xterm/addon-fit/-/addon-fit-0.10.0.tgz"
  integrity sha512-UFYkDm4HUahf2lnEyHvio51TNGiLK66mqP2JoATy7hRZeXaGMRDr00JiSF7m63vR5WKATF605yEggJKsw0JpMQ==

"@xterm/addon-search@^0.15.0":
  version "0.15.0"
  resolved "https://registry.npmjs.org/@xterm/addon-search/-/addon-search-0.15.0.tgz"
  integrity sha512-ZBZKLQ+EuKE83CqCmSSz5y1tx+aNOCUaA7dm6emgOX+8J9H1FWXZyrKfzjwzV+V14TV3xToz1goIeRhXBS5qjg==

"@xterm/addon-web-links@^0.11.0":
  version "0.11.0"
  resolved "https://registry.npmjs.org/@xterm/addon-web-links/-/addon-web-links-0.11.0.tgz"
  integrity sha512-nIHQ38pQI+a5kXnRaTgwqSHnX7KE6+4SVoceompgHL26unAxdfP6IPqUTSYPQgSwM56hsElfoNrrW5V7BUED/Q==

"@xterm/addon-webgl@^0.18.0":
  version "0.18.0"
  resolved "https://registry.npmjs.org/@xterm/addon-webgl/-/addon-webgl-0.18.0.tgz"
  integrity sha512-xCnfMBTI+/HKPdRnSOHaJDRqEpq2Ugy8LEj9GiY4J3zJObo3joylIFaMvzBwbYRg8zLtkO0KQaStCeSfoaI2/w==

"@xterm/xterm@^5.5.0":
  version "5.5.0"
  resolved "https://registry.npmjs.org/@xterm/xterm/-/xterm-5.5.0.tgz"
  integrity sha512-hqJHYaQb5OptNunnyAnkHyM8aCjZ1MEIDTQu1iIbbTD/xops91NB5yq1ZK/dC2JDbVWtF23zUtl9JE2NqwT87A==

ansi-regex@^5.0.1:
  version "5.0.1"
  resolved "https://registry.npmjs.org/ansi-regex/-/ansi-regex-5.0.1.tgz"
  integrity sha512-quJQXlTSUGL2LH9SUXo8VwsY4soanhgo6LNSm84E1LBcE8s3O0wpdiRzyR9z/ZZJMlMWv37qOOb9pdJlMUEKFQ==

ansi-styles@^4.0.0:
  version "4.3.0"
  resolved "https://registry.npmjs.org/ansi-styles/-/ansi-styles-4.3.0.tgz"
  integrity sha512-zbB9rCJAT1rbjiVDb2hqKFHNYLxgtk8NURxZ3IZwD3F6NtxbXZQCnnSi1Lkx+IDohdPlFp222wVALIheZJQSEg==
  dependencies:
    color-convert "^2.0.1"

ansi-styles@^4.1.0:
  version "4.3.0"
  resolved "https://registry.npmjs.org/ansi-styles/-/ansi-styles-4.3.0.tgz"
  integrity sha512-zbB9rCJAT1rbjiVDb2hqKFHNYLxgtk8NURxZ3IZwD3F6NtxbXZQCnnSi1Lkx+IDohdPlFp222wVALIheZJQSEg==
  dependencies:
    color-convert "^2.0.1"

autoprefixer@^10.4.21:
  version "10.5.0"
  resolved "https://registry.npmjs.org/autoprefixer/-/autoprefixer-10.5.0.tgz"
  integrity sha512-FMhOoZV4+qR6aTUALKX2rEqGG+oyATvwBt9IIzVR5rMa2HRWPkxf+P+PAJLD1I/H5/II+HuZcBJYEFBpq39ong==
  dependencies:
    browserslist "^4.28.2"
    caniuse-lite "^1.0.30001787"
    fraction.js "^5.3.4"
    picocolors "^1.1.1"
    postcss-value-parser "^4.2.0"

babel-runtime@^6.26.0:
  version "6.26.0"
  resolved "https://registry.npmjs.org/babel-runtime/-/babel-runtime-6.26.0.tgz"
  integrity sha512-ITKNuq2wKlW1fJg9sSW52eepoYgZBggvOAHC0u/CYu/qxQ9EVzThCgR69BnSXLHjy2f7SY5zaQ4yt7H9ZVxY2g==
  dependencies:
    core-js "^2.4.0"
    regenerator-runtime "^0.11.0"

balanced-match@^4.0.2:
  version "4.0.4"
  resolved "https://registry.npmjs.org/balanced-match/-/balanced-match-4.0.4.tgz"
  integrity sha512-BLrgEcRTwX2o6gGxGOCNyMvGSp35YofuYzw9h1IMTRmKqttAZZVU67bdb9Pr2vUHA8+j3i2tJfjO6C6+4myGTA==

baseline-browser-mapping@^2.10.12:
  version "2.10.18"
  resolved "https://registry.npmjs.org/baseline-browser-mapping/-/baseline-browser-mapping-2.10.18.tgz"
  integrity sha512-VSnGQAOLtP5mib/DPyg2/t+Tlv65NTBz83BJBJvmLVHHuKJVaDOBvJJykiT5TR++em5nfAySPccDZDa4oSrn8A==

brace-expansion@^5.0.5:
  version "5.0.5"
  resolved "https://registry.npmjs.org/brace-expansion/-/brace-expansion-5.0.5.tgz"
  integrity sha512-VZznLgtwhn+Mact9tfiwx64fA9erHH/MCXEUfB/0bX/6Fz6ny5EGTXYltMocqg4xFAQZtnO3DHWWXi8RiuN7cQ==
  dependencies:
    balanced-match "^4.0.2"

browserslist@^4.28.2:
  version "4.28.2"
  resolved "https://registry.npmjs.org/browserslist/-/browserslist-4.28.2.tgz"
  integrity sha512-48xSriZYYg+8qXna9kwqjIVzuQxi+KYWp2+5nCYnYKPTr0LvD89Jqk2Or5ogxz0NUMfIjhh2lIUX/LyX9B4oIg==
  dependencies:
    baseline-browser-mapping "^2.10.12"
    caniuse-lite "^1.0.30001782"
    electron-to-chromium "^1.5.328"
    node-releases "^2.0.36"
    update-browserslist-db "^1.2.3"

caniuse-lite@^1.0.30001782, caniuse-lite@^1.0.30001787:
  version "1.0.30001788"
  resolved "https://registry.npmjs.org/caniuse-lite/-/caniuse-lite-1.0.30001788.tgz"
  integrity sha512-6q8HFp+lOQtcf7wBK+uEenxymVWkGKkjFpCvw5W25cmMwEDU45p1xQFBQv8JDlMMry7eNxyBaR+qxgmTUZkIRQ==

chalk@4.1.2:
  version "4.1.2"
  resolved "https://registry.npmjs.org/chalk/-/chalk-4.1.2.tgz"
  integrity sha512-oKnbhFyRIXpUuez8iBMmyEa4nbj4IOQyuhc/wy9kY7/WVPcwIO9VA668Pu8RkO7+0G76SLROeyw9CpQ061i4mA==
  dependencies:
    ansi-styles "^4.1.0"
    supports-color "^7.1.0"

cliui@^8.0.1:
  version "8.0.1"
  resolved "https://registry.npmjs.org/cliui/-/cliui-8.0.1.tgz"
  integrity sha512-BSeNnyus75C4//NQ9gQt1/csTXyo/8Sb+afLAkzAptFuMsod9HFokGNudZpi/oQV73hnVK+sR+5PVRMd+Dr7YQ==
  dependencies:
    string-width "^4.2.0"
    strip-ansi "^6.0.1"
    wrap-ansi "^7.0.0"

color-convert@^2.0.1:
  version "2.0.1"
  resolved "https://registry.npmjs.org/color-convert/-/color-convert-2.0.1.tgz"
  integrity sha512-RRECPsj7iu/xb5oKYcsFHSppFNnsj/52OVTRKb4zP5onXwVF3zVmmToNcOfGC+CRDpfK/U584fMg38ZHCaElKQ==
  dependencies:
    color-name "~1.1.4"

color-name@~1.1.4:
  version "1.1.4"
  resolved "https://registry.npmjs.org/color-name/-/color-name-1.1.4.tgz"
  integrity sha512-dOy+3AuW3a2wNbZHIuMZpTcgjGuLU/uBL/ubcZF9OXbDo8ff4O8yVp5Bf0efS8uEoYo5q4Fx7dY9OgQGXgAsQA==

concurrently@^9.0.1:
  version "9.2.1"
  resolved "https://registry.npmjs.org/concurrently/-/concurrently-9.2.1.tgz"
  integrity sha512-fsfrO0MxV64Znoy8/l1vVIjjHa29SZyyqPgQBwhiDcaW8wJc2W3XWVOGx4M3oJBnv/zdUZIIp1gDeS98GzP8Ng==
  dependencies:
    chalk "4.1.2"
    rxjs "7.8.2"
    shell-quote "1.8.3"
    supports-color "8.1.1"
    tree-kill "1.2.2"
    yargs "17.7.2"

core-js@^2.4.0:
  version "2.6.12"
  resolved "https://registry.npmjs.org/core-js/-/core-js-2.6.12.tgz"
  integrity sha512-Kb2wC0fvsWfQrgk8HU5lW6U/Lcs8+9aaYcy4ZFc6DDlo4nZ7n70dEgE5rtR0oG6ufKDUnrwfWL1mXR5ljDatrQ==

cross-spawn@^7.0.6:
  version "7.0.6"
  resolved "https://registry.npmjs.org/cross-spawn/-/cross-spawn-7.0.6.tgz"
  integrity sha512-uV2QOWP2nWzsy2aMp8aRibhi9dlzF5Hgh5SHaB9OiTGEyDTiJJyx0uy51QXdyWbtAHNua4XJzUKca3OzKUd3vA==
  dependencies:
    path-key "^3.1.0"
    shebang-command "^2.0.0"
    which "^2.0.1"

cssesc@^3.0.0:
  version "3.0.0"
  resolved "https://registry.npmjs.org/cssesc/-/cssesc-3.0.0.tgz"
  integrity sha512-/Tb/JcjK111nNScGob5MNtsntNM1aCNUDipB/TkwZFhyDrrE47SOx/18wF2bbjgc3ZzCSKW1T5nt5EbFoAz/Vg==

detect-libc@^2.0.3:
  version "2.1.2"
  resolved "https://registry.npmjs.org/detect-libc/-/detect-libc-2.1.2.tgz"
  integrity sha512-Btj2BOOO83o3WyH59e8MgXsxEQVcarkUOpEYrubB0urwnN10yQ364rsiByU11nZlqWYZm05i/of7io4mzihBtQ==

electron-to-chromium@^1.5.328:
  version "1.5.336"
  resolved "https://registry.npmjs.org/electron-to-chromium/-/electron-to-chromium-1.5.336.tgz"
  integrity sha512-AbH9q9J455r/nLmdNZes0G0ZKcRX73FicwowalLs6ijwOmCJSRRrLX63lcAlzy9ux3dWK1w1+1nsBJEWN11hcQ==

emoji-regex@^8.0.0:
  version "8.0.0"
  resolved "https://registry.npmjs.org/emoji-regex/-/emoji-regex-8.0.0.tgz"
  integrity sha512-MSjYzcWNOA0ewAHpz0MxpYFvwg6yjy1NG3xteoqz644VCo/RPgnr1/GGt+ic3iJTzQ8Eu3TdM14SawnVUmGE6A==

enhanced-resolve@^5.19.0:
  version "5.20.1"
  resolved "https://registry.npmjs.org/enhanced-resolve/-/enhanced-resolve-5.20.1.tgz"
  integrity sha512-Qohcme7V1inbAfvjItgw0EaxVX5q2rdVEZHRBrEQdRZTssLDGsL8Lwrznl8oQ/6kuTJONLaDcGjkNP247XEhcA==
  dependencies:
    graceful-fs "^4.2.4"
    tapable "^2.3.0"

esbuild@^0.25.0:
  version "0.25.12"
  resolved "https://registry.npmjs.org/esbuild/-/esbuild-0.25.12.tgz"
  integrity sha512-bbPBYYrtZbkt6Os6FiTLCTFxvq4tt3JKall1vRwshA3fdVztsLAatFaZobhkBC8/BrPetoa0oksYoKXoG4ryJg==
  optionalDependencies:
    "@esbuild/aix-ppc64" "0.25.12"
    "@esbuild/android-arm" "0.25.12"
    "@esbuild/android-arm64" "0.25.12"
    "@esbuild/android-x64" "0.25.12"
    "@esbuild/darwin-arm64" "0.25.12"
    "@esbuild/darwin-x64" "0.25.12"
    "@esbuild/freebsd-arm64" "0.25.12"
    "@esbuild/freebsd-x64" "0.25.12"
    "@esbuild/linux-arm" "0.25.12"
    "@esbuild/linux-arm64" "0.25.12"
    "@esbuild/linux-ia32" "0.25.12"
    "@esbuild/linux-loong64" "0.25.12"
    "@esbuild/linux-mips64el" "0.25.12"
    "@esbuild/linux-ppc64" "0.25.12"
    "@esbuild/linux-riscv64" "0.25.12"
    "@esbuild/linux-s390x" "0.25.12"
    "@esbuild/linux-x64" "0.25.12"
    "@esbuild/netbsd-arm64" "0.25.12"
    "@esbuild/netbsd-x64" "0.25.12"
    "@esbuild/openbsd-arm64" "0.25.12"
    "@esbuild/openbsd-x64" "0.25.12"
    "@esbuild/openharmony-arm64" "0.25.12"
    "@esbuild/sunos-x64" "0.25.12"
    "@esbuild/win32-arm64" "0.25.12"
    "@esbuild/win32-ia32" "0.25.12"
    "@esbuild/win32-x64" "0.25.12"

escalade@^3.1.1:
  version "3.2.0"
  resolved "https://registry.npmjs.org/escalade/-/escalade-3.2.0.tgz"
  integrity sha512-WUj2qlxaQtO4g6Pq5c29GTcWGDyd8itL8zTlipgECz3JesAiiOKotd8JU6otB3PACgG6xkJUyVhboMS+bje/jA==

escalade@^3.2.0:
  version "3.2.0"
  resolved "https://registry.npmjs.org/escalade/-/escalade-3.2.0.tgz"
  integrity sha512-WUj2qlxaQtO4g6Pq5c29GTcWGDyd8itL8zTlipgECz3JesAiiOKotd8JU6otB3PACgG6xkJUyVhboMS+bje/jA==

fdir@^6.5.0:
  version "6.5.0"
  resolved "https://registry.npmjs.org/fdir/-/fdir-6.5.0.tgz"
  integrity sha512-tIbYtZbucOs0BRGqPJkshJUYdL+SDH7dVM8gjy+ERp3WAUjLEFJE+02kanyHtwjWOnwrKYBiwAmM0p4kLJAnXg==

foreground-child@^3.3.1:
  version "3.3.1"
  resolved "https://registry.npmjs.org/foreground-child/-/foreground-child-3.3.1.tgz"
  integrity sha512-gIXjKqtFuWEgzFRJA9WCQeSJLZDjgJUOMCMzxtvFq/37KojM1BFGufqsCy0r4qSQmYLsZYMeyRqzIWOMup03sw==
  dependencies:
    cross-spawn "^7.0.6"
    signal-exit "^4.0.1"

fraction.js@^5.3.4:
  version "5.3.4"
  resolved "https://registry.npmjs.org/fraction.js/-/fraction.js-5.3.4.tgz"
  integrity sha512-1X1NTtiJphryn/uLQz3whtY6jK3fTqoE3ohKs0tT+Ujr1W59oopxmoEh7Lu5p6vBaPbgoM0bzveAW4Qi5RyWDQ==

get-caller-file@^2.0.5:
  version "2.0.5"
  resolved "https://registry.npmjs.org/get-caller-file/-/get-caller-file-2.0.5.tgz"
  integrity sha512-DyFP3BM/3YHTQOCUL/w0OZHR0lpKeGrxotcHWcqNEdnltqFwXVfhEBQ94eIo34AfQpo0rGki4cyIiftY06h2Fg==

glob@^11.0.3:
  version "11.1.0"
  resolved "https://registry.npmjs.org/glob/-/glob-11.1.0.tgz"
  integrity sha512-vuNwKSaKiqm7g0THUBu2x7ckSs3XJLXE+2ssL7/MfTGPLLcrJQ/4Uq1CjPTtO5cCIiRxqvN6Twy1qOwhL0Xjcw==
  dependencies:
    foreground-child "^3.3.1"
    jackspeak "^4.1.1"
    minimatch "^10.1.1"
    minipass "^7.1.2"
    package-json-from-dist "^1.0.0"
    path-scurry "^2.0.0"

graceful-fs@^4.2.4:
  version "4.2.11"
  resolved "https://registry.npmjs.org/graceful-fs/-/graceful-fs-4.2.11.tgz"
  integrity sha512-RbJ5/jmFcNNCcDV5o9eTnBLJ/HszWV0P73bc+Ff4nS/rJj+YaS6IGyiOL0VoBYX+l1Wrl3k63h/KrH+nhJ0XvQ==

has-flag@^4.0.0:
  version "4.0.0"
  resolved "https://registry.npmjs.org/has-flag/-/has-flag-4.0.0.tgz"
  integrity sha512-EykJT/Q1KjTWctppgIAgfSO0tKVuZUjhgMr17kqTumMl6Afv3EISleU7qZUzoXDFTAHTDC4NOoG/ZxU3EvlMPQ==

is-fullwidth-code-point@^3.0.0:
  version "3.0.0"
  resolved "https://registry.npmjs.org/is-fullwidth-code-point/-/is-fullwidth-code-point-3.0.0.tgz"
  integrity sha512-zymm5+u+sCsSWyD9qNaejV3DFvhCKclKdizYaJUuHA83RLjb7nSuGnddCHGv0hk+KY7BMAlsWeK4Ueg6EV6XQg==

isexe@^2.0.0:
  version "2.0.0"
  resolved "https://registry.npmjs.org/isexe/-/isexe-2.0.0.tgz"
  integrity sha512-RHxMLp9lnKHGHRng9QFhRCMbYAcVpn69smSGcq3f36xjgVVWThj4qqLbTLlq7Ssj8B+fIQ1EuCEGI2lKsyQeIw==

jackspeak@^4.1.1:
  version "4.2.3"
  resolved "https://registry.npmjs.org/jackspeak/-/jackspeak-4.2.3.tgz"
  integrity sha512-ykkVRwrYvFm1nb2AJfKKYPr0emF6IiXDYUaFx4Zn9ZuIH7MrzEZ3sD5RlqGXNRpHtvUHJyOnCEFxOlNDtGo7wg==
  dependencies:
    "@isaacs/cliui" "^9.0.0"

jiti@^2.6.1:
  version "2.6.1"
  resolved "https://registry.npmjs.org/jiti/-/jiti-2.6.1.tgz"
  integrity sha512-ekilCSN1jwRvIbgeg/57YFh8qQDNbwDb9xT/qu2DAHbFFZUicIl4ygVaAvzveMhMVr3LnpSKTNnwt8PoOfmKhQ==

laravel-vite-plugin@^1.0:
  version "1.3.0"
  resolved "https://registry.npmjs.org/laravel-vite-plugin/-/laravel-vite-plugin-1.3.0.tgz"
  integrity sha512-P5qyG56YbYxM8OuYmK2OkhcKe0AksNVJUjq9LUZ5tOekU9fBn9LujYyctI4t9XoLjuMvHJXXpCoPntY1oKltuA==
  dependencies:
    picocolors "^1.0.0"
    vite-plugin-full-reload "^1.1.0"

lightningcss-linux-x64-gnu@1.32.0:
  version "1.32.0"
  resolved "https://registry.npmjs.org/lightningcss-linux-x64-gnu/-/lightningcss-linux-x64-gnu-1.32.0.tgz"
  integrity sha512-V7Qr52IhZmdKPVr+Vtw8o+WLsQJYCTd8loIfpDaMRWGUZfBOYEJeyJIkqGIDMZPwPx24pUMfwSxxI8phr/MbOA==

lightningcss@1.32.0:
  version "1.32.0"
  resolved "https://registry.npmjs.org/lightningcss/-/lightningcss-1.32.0.tgz"
  integrity sha512-NXYBzinNrblfraPGyrbPoD19C1h9lfI/1mzgWYvXUTe414Gz/X1FD2XBZSZM7rRTrMA8JL3OtAaGifrIKhQ5yQ==
  dependencies:
    detect-libc "^2.0.3"
  optionalDependencies:
    lightningcss-android-arm64 "1.32.0"
    lightningcss-darwin-arm64 "1.32.0"
    lightningcss-darwin-x64 "1.32.0"
    lightningcss-freebsd-x64 "1.32.0"
    lightningcss-linux-arm-gnueabihf "1.32.0"
    lightningcss-linux-arm64-gnu "1.32.0"
    lightningcss-linux-arm64-musl "1.32.0"
    lightningcss-linux-x64-gnu "1.32.0"
    lightningcss-linux-x64-musl "1.32.0"
    lightningcss-win32-arm64-msvc "1.32.0"
    lightningcss-win32-x64-msvc "1.32.0"

lru-cache@^11.0.0:
  version "11.3.5"
  resolved "https://registry.npmjs.org/lru-cache/-/lru-cache-11.3.5.tgz"
  integrity sha512-NxVFwLAnrd9i7KUBxC4DrUhmgjzOs+1Qm50D3oF1/oL+r1NpZ4gA7xvG0/zJ8evR7zIKn4vLf7qTNduWFtCrRw==

magic-string@^0.30.21:
  version "0.30.21"
  resolved "https://registry.npmjs.org/magic-string/-/magic-string-0.30.21.tgz"
  integrity sha512-vd2F4YUyEXKGcLHoq+TEyCjxueSeHnFxyyjNp80yg0XV4vUhnDer/lvvlqM/arB5bXQN5K2/3oinyCRyx8T2CQ==
  dependencies:
    "@jridgewell/sourcemap-codec" "^1.5.5"

mini-svg-data-uri@^1.2.3:
  version "1.4.4"
  resolved "https://registry.npmjs.org/mini-svg-data-uri/-/mini-svg-data-uri-1.4.4.tgz"
  integrity sha512-r9deDe9p5FJUPZAk3A59wGH7Ii9YrjjWw0jmw/liSbHl2CHiyXj6FcDXDu2K3TjVAXqiJdaw3xxwlZZr9E6nHg==

minimatch@^10.1.1:
  version "10.2.5"
  resolved "https://registry.npmjs.org/minimatch/-/minimatch-10.2.5.tgz"
  integrity sha512-MULkVLfKGYDFYejP07QOurDLLQpcjk7Fw+7jXS2R2czRQzR56yHRveU5NDJEOviH+hETZKSkIk5c+T23GjFUMg==
  dependencies:
    brace-expansion "^5.0.5"

minipass@^7.1.2:
  version "7.1.3"
  resolved "https://registry.npmjs.org/minipass/-/minipass-7.1.3.tgz"
  integrity sha512-tEBHqDnIoM/1rXME1zgka9g6Q2lcoCkxHLuc7ODJ5BxbP5d4c2Z5cGgtXAku59200Cx7diuHTOYfSBD8n6mm8A==

nanoid@^3.3.11:
  version "3.3.11"
  resolved "https://registry.npmjs.org/nanoid/-/nanoid-3.3.11.tgz"
  integrity sha512-N8SpfPUnUp1bK+PMYW8qSWdl9U+wwNWI4QKxOYDy9JAro3WMX7p2OeVRF9v+347pnakNevPmiHhNmZ2HbFA76w==

node-releases@^2.0.36:
  version "2.0.37"
  resolved "https://registry.npmjs.org/node-releases/-/node-releases-2.0.37.tgz"
  integrity sha512-1h5gKZCF+pO/o3Iqt5Jp7wc9rH3eJJ0+nh/CIoiRwjRxde/hAHyLPXYN4V3CqKAbiZPSeJFSWHmJsbkicta0Eg==

package-json-from-dist@^1.0.0:
  version "1.0.1"
  resolved "https://registry.npmjs.org/package-json-from-dist/-/package-json-from-dist-1.0.1.tgz"
  integrity sha512-UEZIS3/by4OC8vL3P2dTXRETpebLI2NiI5vIrjaD/5UtrkFX/tNbwjTSRAGC/+7CAo2pIcBaRgWmcBBHcsaCIw==

path-key@^3.1.0:
  version "3.1.1"
  resolved "https://registry.npmjs.org/path-key/-/path-key-3.1.1.tgz"
  integrity sha512-ojmeN0qd+y0jszEtoY48r0Peq5dwMEkIlCOu6Q5f41lfkswXuKtYrhgoTpLnyIcHm24Uhqx+5Tqm2InSwLhE6Q==

path-scurry@^2.0.0:
  version "2.0.2"
  resolved "https://registry.npmjs.org/path-scurry/-/path-scurry-2.0.2.tgz"
  integrity sha512-3O/iVVsJAPsOnpwWIeD+d6z/7PmqApyQePUtCndjatj/9I5LylHvt5qluFaBT3I5h3r1ejfR056c+FCv+NnNXg==
  dependencies:
    lru-cache "^11.0.0"
    minipass "^7.1.2"

picocolors@^1.0.0, picocolors@^1.1.1:
  version "1.1.1"
  resolved "https://registry.npmjs.org/picocolors/-/picocolors-1.1.1.tgz"
  integrity sha512-xceH2snhtb5M9liqDsmEw56le376mTZkEX/jEb/RxNFyegNul7eNslCXP9FDj/Lcu0X8KEyMceP2ntpaHrDEVA==

picomatch@^2.3.1:
  version "2.3.2"
  resolved "https://registry.npmjs.org/picomatch/-/picomatch-2.3.2.tgz"
  integrity sha512-V7+vQEJ06Z+c5tSye8S+nHUfI51xoXIXjHQ99cQtKUkQqqO1kO/KCJUfZXuB47h/YBlDhah2H3hdUGXn8ie0oA==

picomatch@^4.0.3, picomatch@^4.0.4:
  version "4.0.4"
  resolved "https://registry.npmjs.org/picomatch/-/picomatch-4.0.4.tgz"
  integrity sha512-QP88BAKvMam/3NxH6vj2o21R6MjxZUAd6nlwAS/pnGvN9IVLocLHxGYIzFhg6fUQ+5th6P4dv4eW9jX3DSIj7A==

postcss-selector-parser@6.0.10:
  version "6.0.10"
  resolved "https://registry.npmjs.org/postcss-selector-parser/-/postcss-selector-parser-6.0.10.tgz"
  integrity sha512-IQ7TZdoaqbT+LCpShg46jnZVlhWD2w6iQYAcYXfHARZ7X1t/UGhhceQDs5X0cGqKvYlHNOuv7Oa1xmb0oQuA3w==
  dependencies:
    cssesc "^3.0.0"
    util-deprecate "^1.0.2"

postcss-value-parser@^4.2.0:
  version "4.2.0"
  resolved "https://registry.npmjs.org/postcss-value-parser/-/postcss-value-parser-4.2.0.tgz"
  integrity sha512-1NNCs6uurfkVbeXG4S8JFT9t19m45ICnif8zWLd5oPSZ50QnwMfK+H3jv408d4jw/7Bttv5axS5IiHoLaVNHeQ==

postcss@^8.5.6:
  version "8.5.9"
  resolved "https://registry.npmjs.org/postcss/-/postcss-8.5.9.tgz"
  integrity sha512-7a70Nsot+EMX9fFU3064K/kdHWZqGVY+BADLyXc8Dfv+mTLLVl6JzJpPaCZ2kQL9gIJvKXSLMHhqdRRjwQeFtw==
  dependencies:
    nanoid "^3.3.11"
    picocolors "^1.1.1"
    source-map-js "^1.2.1"

prettier@^3.4.2:
  version "3.8.2"
  resolved "https://registry.npmjs.org/prettier/-/prettier-3.8.2.tgz"
  integrity sha512-8c3mgTe0ASwWAJK+78dpviD+A8EqhndQPUBpNUIPt6+xWlIigCwfN01lWr9MAede4uqXGTEKeQWTvzb3vjia0Q==

regenerator-runtime@^0.11.0:
  version "0.11.1"
  resolved "https://registry.npmjs.org/regenerator-runtime/-/regenerator-runtime-0.11.1.tgz"
  integrity sha512-MguG95oij0fC3QV3URf4V2SDYGJhJnJGqvIIgdECeODCT98wSWDAJ94SSuVpYQUoTcGUIL6L4yNB7j1DFFHSBg==

require-directory@^2.1.1:
  version "2.1.1"
  resolved "https://registry.npmjs.org/require-directory/-/require-directory-2.1.1.tgz"
  integrity sha512-fGxEI7+wsG9xrvdjsrlmL22OMTTiHRwAMroiEeMgq8gzoLC/PQr7RsRDSTLUg/bZAZtF+TVIkHc6/4RIKrui+Q==

rollup@^4.43.0:
  version "4.60.1"
  resolved "https://registry.npmjs.org/rollup/-/rollup-4.60.1.tgz"
  integrity sha512-VmtB2rFU/GroZ4oL8+ZqXgSA38O6GR8KSIvWmEFv63pQ0G6KaBH9s07PO8XTXP4vI+3UJUEypOfjkGfmSBBR0w==
  dependencies:
    "@types/estree" "1.0.8"
  optionalDependencies:
    "@rollup/rollup-android-arm-eabi" "4.60.1"
    "@rollup/rollup-android-arm64" "4.60.1"
    "@rollup/rollup-darwin-arm64" "4.60.1"
    "@rollup/rollup-darwin-x64" "4.60.1"
    "@rollup/rollup-freebsd-arm64" "4.60.1"
    "@rollup/rollup-freebsd-x64" "4.60.1"
    "@rollup/rollup-linux-arm-gnueabihf" "4.60.1"
    "@rollup/rollup-linux-arm-musleabihf" "4.60.1"
    "@rollup/rollup-linux-arm64-gnu" "4.60.1"
    "@rollup/rollup-linux-arm64-musl" "4.60.1"
    "@rollup/rollup-linux-loong64-gnu" "4.60.1"
    "@rollup/rollup-linux-loong64-musl" "4.60.1"
    "@rollup/rollup-linux-ppc64-gnu" "4.60.1"
    "@rollup/rollup-linux-ppc64-musl" "4.60.1"
    "@rollup/rollup-linux-riscv64-gnu" "4.60.1"
    "@rollup/rollup-linux-riscv64-musl" "4.60.1"
    "@rollup/rollup-linux-s390x-gnu" "4.60.1"
    "@rollup/rollup-linux-x64-gnu" "4.60.1"
    "@rollup/rollup-linux-x64-musl" "4.60.1"
    "@rollup/rollup-openbsd-x64" "4.60.1"
    "@rollup/rollup-openharmony-arm64" "4.60.1"
    "@rollup/rollup-win32-arm64-msvc" "4.60.1"
    "@rollup/rollup-win32-ia32-msvc" "4.60.1"
    "@rollup/rollup-win32-x64-gnu" "4.60.1"
    "@rollup/rollup-win32-x64-msvc" "4.60.1"
    fsevents "~2.3.2"

rxjs-compat@^6.5.4:
  version "6.6.7"
  resolved "https://registry.npmjs.org/rxjs-compat/-/rxjs-compat-6.6.7.tgz"
  integrity sha512-szN4fK+TqBPOFBcBcsR0g2cmTTUF/vaFEOZNuSdfU8/pGFnNmmn2u8SystYXG1QMrjOPBc6XTKHMVfENDf6hHw==

rxjs@7.8.2:
  version "7.8.2"
  resolved "https://registry.npmjs.org/rxjs/-/rxjs-7.8.2.tgz"
  integrity sha512-dhKf903U/PQZY6boNNtAGdWbG85WAbjT/1xYoZIC7FAY0yWapOBQVsVrDl58W86//e1VpMNBtRV4MaXfdMySFA==
  dependencies:
    tslib "^2.1.0"

shebang-command@^2.0.0:
  version "2.0.0"
  resolved "https://registry.npmjs.org/shebang-command/-/shebang-command-2.0.0.tgz"
  integrity sha512-kHxr2zZpYtdmrN1qDjrrX/Z1rR1kG8Dx+gkpK1G4eXmvXswmcE1hTWBWYUzlraYw1/yZp6YuDY77YtvbN0dmDA==
  dependencies:
    shebang-regex "^3.0.0"

shebang-regex@^3.0.0:
  version "3.0.0"
  resolved "https://registry.npmjs.org/shebang-regex/-/shebang-regex-3.0.0.tgz"
  integrity sha512-7++dFhtcx3353uBaq8DDR4NuxBetBzC7ZQOhmTQInHEd6bSrXdiEyzCvG07Z44UYdLShWUyXt5M/yhz8ekcb1A==

shell-quote@1.8.3:
  version "1.8.3"
  resolved "https://registry.npmjs.org/shell-quote/-/shell-quote-1.8.3.tgz"
  integrity sha512-ObmnIF4hXNg1BqhnHmgbDETF8dLPCggZWBjkQfhZpbszZnYur5DUljTcCHii5LC3J5E0yeO/1LIMyH+UvHQgyw==

signal-exit@^4.0.1:
  version "4.1.0"
  resolved "https://registry.npmjs.org/signal-exit/-/signal-exit-4.1.0.tgz"
  integrity sha512-bzyZ1e88w9O1iNJbKnOlvYTrWPDl46O1bG0D3XInv+9tkPrxrN8jUUTiFlDkkmKWgn1M6CfIA13SuGqOa9Korw==

source-map-js@^1.2.1:
  version "1.2.1"
  resolved "https://registry.npmjs.org/source-map-js/-/source-map-js-1.2.1.tgz"
  integrity sha512-UXWMKhLOwVKb728IUtQPXxfYU+usdybtUrK/8uGE8CQMvrhOpwvzDBwj0QhSL7MQc7vIsISBG8VQ8+IDQxpfQA==

string-width@^4.1.0, string-width@^4.2.0, string-width@^4.2.3:
  version "4.2.3"
  resolved "https://registry.npmjs.org/string-width/-/string-width-4.2.3.tgz"
  integrity sha512-wKyQRQpjJ0sIp62ErSZdGsjMJWsap5oRNihHhu6G7JVO/9jIB6UyevL+tXuOqrng8j/cxKTWyWUwvSTriiZz/g==
  dependencies:
    emoji-regex "^8.0.0"
    is-fullwidth-code-point "^3.0.0"
    strip-ansi "^6.0.1"

strip-ansi@^6.0.0, strip-ansi@^6.0.1:
  version "6.0.1"
  resolved "https://registry.npmjs.org/strip-ansi/-/strip-ansi-6.0.1.tgz"
  integrity sha512-Y38VPSHcqkFrCpFnQ9vuSXmquuv5oXOKpGeT6aGrr3o3Gc9AlVa6JBfUSOCnbxGGZF+/0ooI7KrPuUSztUdU5A==
  dependencies:
    ansi-regex "^5.0.1"

supports-color@^7.1.0:
  version "7.2.0"
  resolved "https://registry.npmjs.org/supports-color/-/supports-color-7.2.0.tgz"
  integrity sha512-qpCAvRl9stuOHveKsn7HncJRvv501qIacKzQlO/+Lwxc9+0q2wLyv4Dfvt80/DPn2pqOBsJdDiogXGR9+OvwRw==
  dependencies:
    has-flag "^4.0.0"

supports-color@8.1.1:
  version "8.1.1"
  resolved "https://registry.npmjs.org/supports-color/-/supports-color-8.1.1.tgz"
  integrity sha512-MpUEN2OodtUzxvKQl72cUF7RQ5EiHsGvSsVG0ia9c5RbWGL2CI4C7EpPS8UTBIplnlzZiNuV56w+FuNxy3ty2Q==
  dependencies:
    has-flag "^4.0.0"

tailwindcss@^4.1.4, tailwindcss@4.2.2:
  version "4.2.2"
  resolved "https://registry.npmjs.org/tailwindcss/-/tailwindcss-4.2.2.tgz"
  integrity sha512-KWBIxs1Xb6NoLdMVqhbhgwZf2PGBpPEiwOqgI4pFIYbNTfBXiKYyWoTsXgBQ9WFg/OlhnvHaY+AEpW7wSmFo2Q==

tapable@^2.3.0:
  version "2.3.2"
  resolved "https://registry.npmjs.org/tapable/-/tapable-2.3.2.tgz"
  integrity sha512-1MOpMXuhGzGL5TTCZFItxCc0AARf1EZFQkGqMm7ERKj8+Hgr5oLvJOVFcC+lRmR8hCe2S3jC4T5D7Vg/d7/fhA==

tinyglobby@^0.2.15:
  version "0.2.16"
  resolved "https://registry.npmjs.org/tinyglobby/-/tinyglobby-0.2.16.tgz"
  integrity sha512-pn99VhoACYR8nFHhxqix+uvsbXineAasWm5ojXoN8xEwK5Kd3/TrhNn1wByuD52UxWRLy8pu+kRMniEi6Eq9Zg==
  dependencies:
    fdir "^6.5.0"
    picomatch "^4.0.4"

tree-kill@1.2.2:
  version "1.2.2"
  resolved "https://registry.npmjs.org/tree-kill/-/tree-kill-1.2.2.tgz"
  integrity sha512-L0Orpi8qGpRG//Nd+H90vFB+3iHnue1zSSGmNOOCh1GLJ7rUKVwV2HvijphGQS2UmhUZewS9VgvxYIdgr+fG1A==

tslib@^2.1.0:
  version "2.8.1"
  resolved "https://registry.npmjs.org/tslib/-/tslib-2.8.1.tgz"
  integrity sha512-oJFu94HQb+KVduSUQL7wnpmqnfmLsOA/nAh6b6EH0wCEoK0/mPeXU6c3wKDV83MkOuHPRHtSXKKU99IBazS/2w==

update-browserslist-db@^1.2.3:
  version "1.2.3"
  resolved "https://registry.npmjs.org/update-browserslist-db/-/update-browserslist-db-1.2.3.tgz"
  integrity sha512-Js0m9cx+qOgDxo0eMiFGEueWztz+d4+M3rGlmKPT+T4IS/jP4ylw3Nwpu6cpTTP8R1MAC1kF4VbdLt3ARf209w==
  dependencies:
    escalade "^3.2.0"
    picocolors "^1.1.1"

util-deprecate@^1.0.2:
  version "1.0.2"
  resolved "https://registry.npmjs.org/util-deprecate/-/util-deprecate-1.0.2.tgz"
  integrity sha512-EPD5q1uXyFxJpCrLnCc1nHnq3gOa6DZBocAIiI2TaSCA7VCJ1UJDMagCzIkXNsUYfD1daK//LTEQ8xiIbrHtcw==

vite-plugin-full-reload@^1.1.0:
  version "1.2.0"
  resolved "https://registry.npmjs.org/vite-plugin-full-reload/-/vite-plugin-full-reload-1.2.0.tgz"
  integrity sha512-kz18NW79x0IHbxRSHm0jttP4zoO9P9gXh+n6UTwlNKnviTTEpOlum6oS9SmecrTtSr+muHEn5TUuC75UovQzcA==
  dependencies:
    picocolors "^1.0.0"
    picomatch "^2.3.1"

vite@7.1.11:
  version "7.1.11"
  resolved "https://registry.npmjs.org/vite/-/vite-7.1.11.tgz"
  integrity sha512-uzcxnSDVjAopEUjljkWh8EIrg6tlzrjFUfMcR1EVsRDGwf/ccef0qQPRyOrROwhrTDaApueq+ja+KLPlzR/zdg==
  dependencies:
    esbuild "^0.25.0"
    fdir "^6.5.0"
    picomatch "^4.0.3"
    postcss "^8.5.6"
    rollup "^4.43.0"
    tinyglobby "^0.2.15"
  optionalDependencies:
    fsevents "~2.3.3"

which@^2.0.1:
  version "2.0.2"
  resolved "https://registry.npmjs.org/which/-/which-2.0.2.tgz"
  integrity sha512-BLI3Tl1TW3Pvl70l3yq3Y64i+awpwXqsGBYWkkqMtnbXgrMD+yj7rhW0kuEDxzJaYXGjEW5ogapKNMEKNMjibA==
  dependencies:
    isexe "^2.0.0"

wrap-ansi@^7.0.0:
  version "7.0.0"
  resolved "https://registry.npmjs.org/wrap-ansi/-/wrap-ansi-7.0.0.tgz"
  integrity sha512-YVGIj2kamLSTxw6NsZjoBxfSwsn0ycdesmc4p+Q21c5zPuZ1pl+NfxVdxPtdHvmNVOQ6XSYG4AUtyt/Fi7D16Q==
  dependencies:
    ansi-styles "^4.0.0"
    string-width "^4.1.0"
    strip-ansi "^6.0.0"

xterm-addon-search-bar@^0.2.0:
  version "0.2.0"
  resolved "https://registry.npmjs.org/xterm-addon-search-bar/-/xterm-addon-search-bar-0.2.0.tgz"
  integrity sha512-xvXmBA/ShbnzGe5CCy0kqPNNGqjkpuaRgH3Z1iW0V71vCAPRrtJ/v/hMnysZBH7WGUYhlCQr1cJZagW2fBVvSg==
  dependencies:
    babel-runtime "^6.26.0"
    rxjs-compat "^6.5.4"

y18n@^5.0.5:
  version "5.0.8"
  resolved "https://registry.npmjs.org/y18n/-/y18n-5.0.8.tgz"
  integrity sha512-0pfFzegeDWJHJIAmTLRP2DwHjdF5s7jo9tuztdQxAhINCdvS+3nGINqPd00AphqJR/0LhANUS6/+7SCb98YOfA==

yargs-parser@^21.1.1:
  version "21.1.1"
  resolved "https://registry.npmjs.org/yargs-parser/-/yargs-parser-21.1.1.tgz"
  integrity sha512-tVpsJW7DdjecAiFpbIB1e3qxIQsE6NoPc5/eTdrbbIC4h0LVsWhnoa3g+m2HclBIujHzsxZ4VJVA+GUuc2/LBw==

yargs@17.7.2:
  version "17.7.2"
  resolved "https://registry.npmjs.org/yargs/-/yargs-17.7.2.tgz"
  integrity sha512-7dSzzRQ++CKnNI/krKnYRV7JKKPUXMEh61soaHKg9mrWEhzFWhFnxPxGl+69cD1Ou63C13NUPCnmIcrvqCuM6w==
  dependencies:
    cliui "^8.0.1"
    escalade "^3.1.1"
    get-caller-file "^2.0.5"
    require-directory "^2.1.1"
    string-width "^4.2.3"
    y18n "^5.0.5"
    yargs-parser "^21.1.1"
